// !$*UTF8*$!
{
	archiveVersion = 1;
	classes = {
	};
	objectVersion = 55;
	objects = {

/* Begin PBXBuildFile section */
		69FE96952833F7FC004C0F05 /* Tests_iOS.swift in Sources */ = {isa = PBXBuildFile; fileRef = 69FE96942833F7FC004C0F05 /* Tests_iOS.swift */; };
		69FE96972833F7FC004C0F05 /* Tests_iOSLaunchTests.swift in Sources */ = {isa = PBXBuildFile; fileRef = 69FE96962833F7FC004C0F05 /* Tests_iOSLaunchTests.swift */; };
		69FE96A12833F7FC004C0F05 /* Tests_macOS.swift in Sources */ = {isa = PBXBuildFile; fileRef = 69FE96A02833F7FC004C0F05 /* Tests_macOS.swift */; };
		69FE96A32833F7FC004C0F05 /* Tests_macOSLaunchTests.swift in Sources */ = {isa = PBXBuildFile; fileRef = 69FE96A22833F7FC004C0F05 /* Tests_macOSLaunchTests.swift */; };
		69FE96A42833F7FC004C0F05 /* GItVersionControlApp.swift in Sources */ = {isa = PBXBuildFile; fileRef = 69FE967C2833F7FB004C0F05 /* GItVersionControlApp.swift */; };
		69FE96A52833F7FC004C0F05 /* GItVersionControlApp.swift in Sources */ = {isa = PBXBuildFile; fileRef = 69FE967C2833F7FB004C0F05 /* GItVersionControlApp.swift */; };
		69FE96A62833F7FC004C0F05 /* ContentView.swift in Sources */ = {isa = PBXBuildFile; fileRef = 69FE967D2833F7FB004C0F05 /* ContentView.swift */; };
		69FE96A72833F7FC004C0F05 /* ContentView.swift in Sources */ = {isa = PBXBuildFile; fileRef = 69FE967D2833F7FB004C0F05 /* ContentView.swift */; };
		69FE96A82833F7FC004C0F05 /* Assets.xcassets in Resources */ = {isa = PBXBuildFile; fileRef = 69FE967E2833F7FC004C0F05 /* Assets.xcassets */; };
		69FE96A92833F7FC004C0F05 /* Assets.xcassets in Resources */ = {isa = PBXBuildFile; fileRef = 69FE967E2833F7FC004C0F05 /* Assets.xcassets */; };
/* End PBXBuildFile section */

/* Begin PBXContainerItemProxy section */
		69FE96912833F7FC004C0F05 /* PBXContainerItemProxy */ = {
			isa = PBXContainerItemProxy;
			containerPortal = 69FE96772833F7FB004C0F05 /* Project object */;
			proxyType = 1;
			remoteGlobalIDString = 69FE96822833F7FC004C0F05;
			remoteInfo = "GItVersionControl (iOS)";
		};
		69FE969D2833F7FC004C0F05 /* PBXContainerItemProxy */ = {
			isa = PBXContainerItemProxy;
			containerPortal = 69FE96772833F7FB004C0F05 /* Project object */;
			proxyType = 1;
			remoteGlobalIDString = 69FE96882833F7FC004C0F05;
			remoteInfo = "GItVersionControl (macOS)";
		};
/* End PBXContainerItemProxy section */

/* Begin PBXFileReference section */
		69FE967C2833F7FB004C0F05 /* GItVersionControlApp.swift */ = {isa = PBXFileReference; lastKnownFileType = sourcecode.swift; path = GItVersionControlApp.swift; sourceTree = "<group>"; };
		69FE967D2833F7FB004C0F05 /* ContentView.swift */ = {isa = PBXFileReference; lastKnownFileType = sourcecode.swift; path = ContentView.swift; sourceTree = "<group>"; };
		69FE967E2833F7FC004C0F05 /* Assets.xcassets */ = {isa = PBXFileReference; lastKnownFileType = folder.assetcatalog; path = Assets.xcassets; sourceTree = "<group>"; };
		69FE96832833F7FC004C0F05 /* GItVersionControl.app */ = {isa = PBXFileReference; explicitFileType = wrapper.application; includeInIndex = 0; path = GItVersionControl.app; sourceTree = BUILT_PRODUCTS_DIR; };
		69FE96892833F7FC004C0F05 /* GItVersionControl.app */ = {isa = PBXFileReference; explicitFileType = wrapper.application; includeInIndex = 0; path = GItVersionControl.app; sourceTree = BUILT_PRODUCTS_DIR; };
		69FE968B2833F7FC004C0F05 /* macOS.entitlements */ = {isa = PBXFileReference; lastKnownFileType = text.plist.entitlements; path = macOS.entitlements; sourceTree = "<group>"; };
		69FE96902833F7FC004C0F05 /* Tests iOS.xctest */ = {isa = PBXFileReference; explicitFileType = wrapper.cfbundle; includeInIndex = 0; path = "Tests iOS.xctest"; sourceTree = BUILT_PRODUCTS_DIR; };
		69FE96942833F7FC004C0F05 /* Tests_iOS.swift */ = {isa = PBXFileReference; lastKnownFileType = sourcecode.swift; path = Tests_iOS.swift; sourceTree = "<group>"; };
		69FE96962833F7FC004C0F05 /* Tests_iOSLaunchTests.swift */ = {isa = PBXFileReference; lastKnownFileType = sourcecode.swift; path = Tests_iOSLaunchTests.swift; sourceTree = "<group>"; };
		69FE969C2833F7FC004C0F05 /* Tests macOS.xctest */ = {isa = PBXFileReference; explicitFileType = wrapper.cfbundle; includeInIndex = 0; path = "Tests macOS.xctest"; sourceTree = BUILT_PRODUCTS_DIR; };
		69FE96A02833F7FC004C0F05 /* Tests_macOS.swift */ = {isa = PBXFileReference; lastKnownFileType = sourcecode.swift; path = Tests_macOS.swift; sourceTree = "<group>"; };
		69FE96A22833F7FC004C0F05 /* Tests_macOSLaunchTests.swift */ = {isa = PBXFileReference; lastKnownFileType = sourcecode.swift; path = Tests_macOSLaunchTests.swift; sourceTree = "<group>"; };
/* End PBXFileReference section */

/* Begin PBXFrameworksBuildPhase section */
		69FE96802833F7FC004C0F05 /* Frameworks */ = {
			isa = PBXFrameworksBuildPhase;
			buildActionMask = 2147483647;
			files = (
			);
			runOnlyForDeploymentPostprocessing = 0;
		};
		69FE96862833F7FC004C0F05 /* Frameworks */ = {
			isa = PBXFrameworksBuildPhase;
			buildActionMask = 2147483647;
			files = (
			);
			runOnlyForDeploymentPostprocessing = 0;
		};
		69FE968D2833F7FC004C0F05 /* Frameworks */ = {
			isa = PBXFrameworksBuildPhase;
			buildActionMask = 2147483647;
			files = (
			);
			runOnlyForDeploymentPostprocessing = 0;
		};
		69FE96992833F7FC004C0F05 /* Frameworks */ = {
			isa = PBXFrameworksBuildPhase;
			buildActionMask = 2147483647;
			files = (
			);
			runOnlyForDeploymentPostprocessing = 0;
		};
/* End PBXFrameworksBuildPhase section */

/* Begin PBXGroup section */
		69FE96762833F7FB004C0F05 = {
			isa = PBXGroup;
			children = (
				69FE967B2833F7FB004C0F05 /* Shared */,
				69FE968A2833F7FC004C0F05 /* macOS */,
				69FE96932833F7FC004C0F05 /* Tests iOS */,
				69FE969F2833F7FC004C0F05 /* Tests macOS */,
				69FE96842833F7FC004C0F05 /* Products */,
			);
			sourceTree = "<group>";
		};
		69FE967B2833F7FB004C0F05 /* Shared */ = {
			isa = PBXGroup;
			children = (
				69FE967C2833F7FB004C0F05 /* GItVersionControlApp.swift */,
				69FE967D2833F7FB004C0F05 /* ContentView.swift */,
				69FE967E2833F7FC004C0F05 /* Assets.xcassets */,
			);
			path = Shared;
			sourceTree = "<group>";
		};
		69FE96842833F7FC004C0F05 /* Products */ = {
			isa = PBXGroup;
			children = (
				69FE96832833F7FC004C0F05 /* GItVersionControl.app */,
				69FE96892833F7FC004C0F05 /* GItVersionControl.app */,
				69FE96902833F7FC004C0F05 /* Tests iOS.xctest */,
				69FE969C2833F7FC004C0F05 /* Tests macOS.xctest */,
			);
			name = Products;
			sourceTree = "<group>";
		};
		69FE968A2833F7FC004C0F05 /* macOS */ = {
			isa = PBXGroup;
			children = (
				69FE968B2833F7FC004C0F05 /* macOS.entitlements */,
			);
			path = macOS;
			sourceTree = "<group>";
		};
		69FE96932833F7FC004C0F05 /* Tests iOS */ = {
			isa = PBXGroup;
			children = (
				69FE96942833F7FC004C0F05 /* Tests_iOS.swift */,
				69FE96962833F7FC004C0F05 /* Tests_iOSLaunchTests.swift */,
			);
			path = "Tests iOS";
			sourceTree = "<group>";
		};
		69FE969F2833F7FC004C0F05 /* Tests macOS */ = {
			isa = PBXGroup;
			children = (
				69FE96A02833F7FC004C0F05 /* Tests_macOS.swift */,
				69FE96A22833F7FC004C0F05 /* Tests_macOSLaunchTests.swift */,
			);
			path = "Tests macOS";
			sourceTree = "<group>";
		};
/* End PBXGroup section */

/* Begin PBXNativeTarget section */
		69FE96822833F7FC004C0F05 /* GItVersionControl (iOS) */ = {
			isa = PBXNativeTarget;
			buildConfigurationList = 69FE96AC2833F7FC004C0F05 /* Build configuration list for PBXNativeTarget "GItVersionControl (iOS)" */;
			buildPhases = (
				69FE967F2833F7FC004C0F05 /* Sources */,
				69FE96802833F7FC004C0F05 /* Frameworks */,
				69FE96812833F7FC004C0F05 /* Resources */,
			);
			buildRules = (
			);
			dependencies = (
			);
			name = "GItVersionControl (iOS)";
			productName = "GItVersionControl (iOS)";
			productReference = 69FE96832833F7FC004C0F05 /* GItVersionControl.app */;
			productType = "com.apple.product-type.application";
		};
		69FE96882833F7FC004C0F05 /* GItVersionControl (macOS) */ = {
			isa = PBXNativeTarget;
			buildConfigurationList = 69FE96AF2833F7FC004C0F05 /* Build configuration list for PBXNativeTarget "GItVersionControl (macOS)" */;
			buildPhases = (
				69FE96852833F7FC004C0F05 /* Sources */,
				69FE96862833F7FC004C0F05 /* Frameworks */,
				69FE96872833F7FC004C0F05 /* Resources */,
			);
			buildRules = (
			);
			dependencies = (
			);
			name = "GItVersionControl (macOS)";
			productName = "GItVersionControl (macOS)";
			productReference = 69FE96892833F7FC004C0F05 /* GItVersionControl.app */;
			productType = "com.apple.product-type.application";
		};
		69FE968F2833F7FC004C0F05 /* Tests iOS */ = {
			isa = PBXNativeTarget;
			buildConfigurationList = 69FE96B22833F7FC004C0F05 /* Build configuration list for PBXNativeTarget "Tests iOS" */;
			buildPhases = (
				69FE968C2833F7FC004C0F05 /* Sources */,
				69FE968D2833F7FC004C0F05 /* Frameworks */,
				69FE968E2833F7FC004C0F05 /* Resources */,
			);
			buildRules = (
			);
			dependencies = (
				69FE96922833F7FC004C0F05 /* PBXTargetDependency */,
			);
			name = "Tests iOS";
			productName = "Tests iOS";
			productReference = 69FE96902833F7FC004C0F05 /* Tests iOS.xctest */;
			productType = "com.apple.product-type.bundle.ui-testing";
		};
		69FE969B2833F7FC004C0F05 /* Tests macOS */ = {
			isa = PBXNativeTarget;
			buildConfigurationList = 69FE96B52833F7FC004C0F05 /* Build configuration list for PBXNativeTarget "Tests macOS" */;
			buildPhases = (
				69FE96982833F7FC004C0F05 /* Sources */,
				69FE96992833F7FC004C0F05 /* Frameworks */,
				69FE969A2833F7FC004C0F05 /* Resources */,
			);
			buildRules = (
			);
			dependencies = (
				69FE969E2833F7FC004C0F05 /* PBXTargetDependency */,
			);
			name = "Tests macOS";
			productName = "Tests macOS";
			productReference = 69FE969C2833F7FC004C0F05 /* Tests macOS.xctest */;
			productType = "com.apple.product-type.bundle.ui-testing";
		};
/* End PBXNativeTarget section */

/* Begin PBXProject section */
		69FE96772833F7FB004C0F05 /* Project object */ = {
			isa = PBXProject;
			attributes = {
				BuildIndependentTargetsInParallel = 1;
				LastSwiftUpdateCheck = 1330;
				LastUpgradeCheck = 1330;
				TargetAttributes = {
					69FE96822833F7FC004C0F05 = {
						CreatedOnToolsVersion = 13.3.1;
					};
					69FE96882833F7FC004C0F05 = {
						CreatedOnToolsVersion = 13.3.1;
					};
					69FE968F2833F7FC004C0F05 = {
						CreatedOnToolsVersion = 13.3.1;
						TestTargetID = 69FE96822833F7FC004C0F05;
					};
					69FE969B2833F7FC004C0F05 = {
						CreatedOnToolsVersion = 13.3.1;
						TestTargetID = 69FE96882833F7FC004C0F05;
					};
				};
			};
			buildConfigurationList = 69FE967A2833F7FB004C0F05 /* Build configuration list for PBXProject "GItVersionControl" */;
			compatibilityVersion = "Xcode 13.0";
			developmentRegion = en;
			hasScannedForEncodings = 0;
			knownRegions = (
				en,
				Base,
			);
			mainGroup = 69FE96762833F7FB004C0F05;
			productRefGroup = 69FE96842833F7FC004C0F05 /* Products */;
			projectDirPath = "";
			projectRoot = "";
			targets = (
				69FE96822833F7FC004C0F05 /* GItVersionControl (iOS) */,
				69FE96882833F7FC004C0F05 /* GItVersionControl (macOS) */,
				69FE968F2833F7FC004C0F05 /* Tests iOS */,
				69FE969B2833F7FC004C0F05 /* Tests macOS */,
			);
		};
/* End PBXProject section */

/* Begin PBXResourcesBuildPhase section */
		69FE96812833F7FC004C0F05 /* Resources */ = {
			isa = PBXResourcesBuildPhase;
			buildActionMask = 2147483647;
			files = (
				69FE96A82833F7FC004C0F05 /* Assets.xcassets in Resources */,
			);
			runOnlyForDeploymentPostprocessing = 0;
		};
		69FE96872833F7FC004C0F05 /* Resources */ = {
			isa = PBXResourcesBuildPhase;
			buildActionMask = 2147483647;
			files = (
				69FE96A92833F7FC004C0F05 /* Assets.xcassets in Resources */,
			);
			runOnlyForDeploymentPostprocessing = 0;
		};
		69FE968E2833F7FC004C0F05 /* Resources */ = {
			isa = PBXResourcesBuildPhase;
			buildActionMask = 2147483647;
			files = (
			);
			runOnlyForDeploymentPostprocessing = 0;
		};
		69FE969A2833F7FC004C0F05 /* Resources */ = {
			isa = PBXResourcesBuildPhase;
			buildActionMask = 2147483647;
			files = (
			);
			runOnlyForDeploymentPostprocessing = 0;
		};
/* End PBXResourcesBuildPhase section */

/* Begin PBXSourcesBuildPhase section */
		69FE967F2833F7FC004C0F05 /* Sources */ = {
			isa = PBXSourcesBuildPhase;
			buildActionMask = 2147483647;
			files = (
				69FE96A62833F7FC004C0F05 /* ContentView.swift in Sources */,
				69FE96A42833F7FC004C0F05 /* GItVersionControlApp.swift in Sources */,
			);
			runOnlyForDeploymentPostprocessing = 0;
		};
		69FE96852833F7FC004C0F05 /* Sources */ = {
			isa = PBXSourcesBuildPhase;
			buildActionMask = 2147483647;
			files = (
				69FE96A72833F7FC004C0F05 /* ContentView.swift in Sources */,
				69FE96A52833F7FC004C0F05 /* GItVersionControlApp.swift in Sources */,
			);
			runOnlyForDeploymentPostprocessing = 0;
		};
		69FE968C2833F7FC004C0F05 /* Sources */ = {
			isa = PBXSourcesBuildPhase;
			buildActionMask = 2147483647;
			files = (
				69FE96972833F7FC004C0F05 /* Tests_iOSLaunchTests.swift in Sources */,
				69FE96952833F7FC004C0F05 /* Tests_iOS.swift in Sources */,
			);
			runOnlyForDeploymentPostprocessing = 0;
		};
		69FE96982833F7FC004C0F05 /* Sources */ = {
			isa = PBXSourcesBuildPhase;
			buildActionMask = 2147483647;
			files = (
				69FE96A32833F7FC004C0F05 /* Tests_macOSLaunchTests.swift in Sources */,
				69FE96A12833F7FC004C0F05 /* Tests_macOS.swift in Sources */,
			);
			runOnlyForDeploymentPostprocessing = 0;
		};
/* End PBXSourcesBuildPhase section */

/* Begin PBXTargetDependency section */
		69FE96922833F7FC004C0F05 /* PBXTargetDependency */ = {
			isa = PBXTargetDependency;
			target = 69FE96822833F7FC004C0F05 /* GItVersionControl (iOS) */;
			targetProxy = 69FE96912833F7FC004C0F05 /* PBXContainerItemProxy */;
		};
		69FE969E2833F7FC004C0F05 /* PBXTargetDependency */ = {
			isa = PBXTargetDependency;
			target = 69FE96882833F7FC004C0F05 /* GItVersionControl (macOS) */;
			targetProxy = 69FE969D2833F7FC004C0F05 /* PBXContainerItemProxy */;
		};
/* End PBXTargetDependency section */

/* Begin XCBuildConfiguration section */
		69FE96AA2833F7FC004C0F05 /* Debug */ = {
			isa = XCBuildConfiguration;
			buildSettings = {
				ALWAYS_SEARCH_USER_PATHS = NO;
				CLANG_ANALYZER_NONNULL = YES;
				CLANG_ANALYZER_NUMBER_OBJECT_CONVERSION = YES_AGGRESSIVE;
				CLANG_CXX_LANGUAGE_STANDARD = "gnu++17";
				CLANG_ENABLE_MODULES = YES;
				CLANG_ENABLE_OBJC_ARC = YES;
				CLANG_ENABLE_OBJC_WEAK = YES;
				CLANG_WARN_BLOCK_CAPTURE_AUTORELEASING = YES;
				CLANG_WARN_BOOL_CONVERSION = YES;
				CLANG_WARN_COMMA = YES;
				CLANG_WARN_CONSTANT_CONVERSION = YES;
				CLANG_WARN_DEPRECATED_OBJC_IMPLEMENTATIONS = YES;
				CLANG_WARN_DIRECT_OBJC_ISA_USAGE = YES_ERROR;
				CLANG_WARN_DOCUMENTATION_COMMENTS = YES;
				CLANG_WARN_EMPTY_BODY = YES;
				CLANG_WARN_ENUM_CONVERSION = YES;
				CLANG_WARN_INFINITE_RECURSION = YES;
				CLANG_WARN_INT_CONVERSION = YES;
				CLANG_WARN_NON_LITERAL_NULL_CONVERSION = YES;
				CLANG_WARN_OBJC_IMPLICIT_RETAIN_SELF = YES;
				CLANG_WARN_OBJC_LITERAL_CONVERSION = YES;
				CLANG_WARN_OBJC_ROOT_CLASS = YES_ERROR;
				CLANG_WARN_QUOTED_INCLUDE_IN_FRAMEWORK_HEADER = YES;
				CLANG_WARN_RANGE_LOOP_ANALYSIS = YES;
				CLANG_WARN_STRICT_PROTOTYPES = YES;
				CLANG_WARN_SUSPICIOUS_MOVE = YES;
				CLANG_WARN_UNGUARDED_AVAILABILITY = YES_AGGRESSIVE;
				CLANG_WARN_UNREACHABLE_CODE = YES;
				CLANG_WARN__DUPLICATE_METHOD_MATCH = YES;
				COPY_PHASE_STRIP = NO;
				DEBUG_INFORMATION_FORMAT = dwarf;
				ENABLE_STRICT_OBJC_MSGSEND = YES;
				ENABLE_TESTABILITY = YES;
				GCC_C_LANGUAGE_STANDARD = gnu11;
				GCC_DYNAMIC_NO_PIC = NO;
				GCC_NO_COMMON_BLOCKS = YES;
				GCC_OPTIMIZATION_LEVEL = 0;
				GCC_PREPROCESSOR_DEFINITIONS = (
					"DEBUG=1",
					"$(inherited)",
				);
				GCC_WARN_64_TO_32_BIT_CONVERSION = YES;
				GCC_WARN_ABOUT_RETURN_TYPE = YES_ERROR;
				GCC_WARN_UNDECLARED_SELECTOR = YES;
				GCC_WARN_UNINITIALIZED_AUTOS = YES_AGGRESSIVE;
				GCC_WARN_UNUSED_FUNCTION = YES;
				GCC_WARN_UNUSED_VARIABLE = YES;
				MTL_ENABLE_DEBUG_INFO = INCLUDE_SOURCE;
				MTL_FAST_MATH = YES;
				ONLY_ACTIVE_ARCH = YES;
				SWIFT_ACTIVE_COMPILATION_CONDITIONS = DEBUG;
				SWIFT_OPTIMIZATION_LEVEL = "-Onone";
			};
			name = Debug;
		};
		69FE96AB2833F7FC004C0F05 /* Release */ = {
			isa = XCBuildConfiguration;
			buildSettings = {
				ALWAYS_SEARCH_USER_PATHS = NO;
				CLANG_ANALYZER_NONNULL = YES;
				CLANG_ANALYZER_NUMBER_OBJECT_CONVERSION = YES_AGGRESSIVE;
				CLANG_CXX_LANGUAGE_STANDARD = "gnu++17";
				CLANG_ENABLE_MODULES = YES;
				CLANG_ENABLE_OBJC_ARC = YES;
				CLANG_ENABLE_OBJC_WEAK = YES;
				CLANG_WARN_BLOCK_CAPTURE_AUTORELEASING = YES;
				CLANG_WARN_BOOL_CONVERSION = YES;
				CLANG_WARN_COMMA = YES;
				CLANG_WARN_CONSTANT_CONVERSION = YES;
				CLANG_WARN_DEPRECATED_OBJC_IMPLEMENTATIONS = YES;
				CLANG_WARN_DIRECT_OBJC_ISA_USAGE = YES_ERROR;
				CLANG_WARN_DOCUMENTATION_COMMENTS = YES;
				CLANG_WARN_EMPTY_BODY = YES;
				CLANG_WARN_ENUM_CONVERSION = YES;
				CLANG_WARN_INFINITE_RECURSION = YES;
				CLANG_WARN_INT_CONVERSION = YES;
				CLANG_WARN_NON_LITERAL_NULL_CONVERSION = YES;
				CLANG_WARN_OBJC_IMPLICIT_RETAIN_SELF = YES;
				CLANG_WARN_OBJC_LITERAL_CONVERSION = YES;
				CLANG_WARN_OBJC_ROOT_CLASS = YES_ERROR;
				CLANG_WARN_QUOTED_INCLUDE_IN_FRAMEWORK_HEADER = YES;
				CLANG_WARN_RANGE_LOOP_ANALYSIS = YES;
				CLANG_WARN_STRICT_PROTOTYPES = YES;
				CLANG_WARN_SUSPICIOUS_MOVE = YES;
				CLANG_WARN_UNGUARDED_AVAILABILITY = YES_AGGRESSIVE;
				CLANG_WARN_UNREACHABLE_CODE = YES;
				CLANG_WARN__DUPLICATE_METHOD_MATCH = YES;
				COPY_PHASE_STRIP = NO;
				DEBUG_INFORMATION_FORMAT = "dwarf-with-dsym";
				ENABLE_NS_ASSERTIONS = NO;
				ENABLE_STRICT_OBJC_MSGSEND = YES;
				GCC_C_LANGUAGE_STANDARD = gnu11;
				GCC_NO_COMMON_BLOCKS = YES;
				GCC_WARN_64_TO_32_BIT_CONVERSION = YES;
				GCC_WARN_ABOUT_RETURN_TYPE = YES_ERROR;
				GCC_WARN_UNDECLARED_SELECTOR = YES;
				GCC_WARN_UNINITIALIZED_AUTOS = YES_AGGRESSIVE;
				GCC_WARN_UNUSED_FUNCTION = YES;
				GCC_WARN_UNUSED_VARIABLE = YES;
				MTL_ENABLE_DEBUG_INFO = NO;
				MTL_FAST_MATH = YES;
				SWIFT_COMPILATION_MODE = wholemodule;
				SWIFT_OPTIMIZATION_LEVEL = "-O";
			};
			name = Release;
		};
		69FE96AD2833F7FC004C0F05 /* Debug */ = {
			isa = XCBuildConfiguration;
			buildSettings = {
				ASSETCATALOG_COMPILER_APPICON_NAME = AppIcon;
				ASSETCATALOG_COMPILER_GLOBAL_ACCENT_COLOR_NAME = AccentColor;
				CODE_SIGN_STYLE = Automatic;
				CURRENT_PROJECT_VERSION = 1;
				DEVELOPMENT_TEAM = RA4CQW45CY;
				ENABLE_PREVIEWS = YES;
				GENERATE_INFOPLIST_FILE = YES;
				INFOPLIST_KEY_UIApplicationSceneManifest_Generation = YES;
				INFOPLIST_KEY_UIApplicationSupportsIndirectInputEvents = YES;
				INFOPLIST_KEY_UILaunchScreen_Generation = YES;
				INFOPLIST_KEY_UISupportedInterfaceOrientations_iPad = "UIInterfaceOrientationPortrait UIInterfaceOrientationPortraitUpsideDown UIInterfaceOrientationLandscapeLeft UIInterfaceOrientationLandscapeRight";
				INFOPLIST_KEY_UISupportedInterfaceOrientations_iPhone = "UIInterfaceOrientationPortrait UIInterfaceOrientationLandscapeLeft UIInterfaceOrientationLandscapeRight";
				IPHONEOS_DEPLOYMENT_TARGET = 15.4;
				LD_RUNPATH_SEARCH_PATHS = (
					"$(inherited)",
					"@executable_path/Frameworks",
				);
				MARKETING_VERSION = 1.0;
				PRODUCT_BUNDLE_IDENTIFIER = "Alkiad-Technology.GItVersionControl";
				PRODUCT_NAME = GItVersionControl;
				SDKROOT = iphoneos;
				SWIFT_EMIT_LOC_STRINGS = YES;
				SWIFT_VERSION = 5.0;
				TARGETED_DEVICE_FAMILY = "1,2";
			};
			name = Debug;
		};
		69FE96AE2833F7FC004C0F05 /* Release */ = {
			isa = XCBuildConfiguration;
			buildSettings = {
				ASSETCATALOG_COMPILER_APPICON_NAME = AppIcon;
				ASSETCATALOG_COMPILER_GLOBAL_ACCENT_COLOR_NAME = AccentColor;
				CODE_SIGN_STYLE = Automatic;
				CURRENT_PROJECT_VERSION = 1;
				DEVELOPMENT_TEAM = RA4CQW45CY;
				ENABLE_PREVIEWS = YES;
				GENERATE_INFOPLIST_FILE = YES;
				INFOPLIST_KEY_UIApplicationSceneManifest_Generation = YES;
				INFOPLIST_KEY_UIApplicationSupportsIndirectInputEvents = YES;
				INFOPLIST_KEY_UILaunchScreen_Generation = YES;
				INFOPLIST_KEY_UISupportedInterfaceOrientations_iPad = "UIInterfaceOrientationPortrait UIInterfaceOrientationPortraitUpsideDown UIInterfaceOrientationLandscapeLeft UIInterfaceOrientationLandscapeRight";
				INFOPLIST_KEY_UISupportedInterfaceOrientations_iPhone = "UIInterfaceOrientationPortrait UIInterfaceOrientationLandscapeLeft UIInterfaceOrientationLandscapeRight";
				IPHONEOS_DEPLOYMENT_TARGET = 15.4;
				LD_RUNPATH_SEARCH_PATHS = (
					"$(inherited)",
					"@executable_path/Frameworks",
				);
				MARKETING_VERSION = 1.0;
				PRODUCT_BUNDLE_IDENTIFIER = "Alkiad-Technology.GItVersionControl";
				PRODUCT_NAME = GItVersionControl;
				SDKROOT = iphoneos;
				SWIFT_EMIT_LOC_STRINGS = YES;
				SWIFT_VERSION = 5.0;
				TARGETED_DEVICE_FAMILY = "1,2";
				VALIDATE_PRODUCT = YES;
			};
			name = Release;
		};
		69FE96B02833F7FC004C0F05 /* Debug */ = {
			isa = XCBuildConfiguration;
			buildSettings = {
				ASSETCATALOG_COMPILER_APPICON_NAME = AppIcon;
				ASSETCATALOG_COMPILER_GLOBAL_ACCENT_COLOR_NAME = AccentColor;
				CODE_SIGN_ENTITLEMENTS = macOS/macOS.entitlements;
				CODE_SIGN_STYLE = Automatic;
				COMBINE_HIDPI_IMAGES = YES;
				CURRENT_PROJECT_VERSION = 1;
				DEVELOPMENT_TEAM = RA4CQW45CY;
				ENABLE_HARDENED_RUNTIME = YES;
				ENABLE_PREVIEWS = YES;
				GENERATE_INFOPLIST_FILE = YES;
				INFOPLIST_KEY_NSHumanReadableCopyright = "";
				LD_RUNPATH_SEARCH_PATHS = (
					"$(inherited)",
					"@executable_path/../Frameworks",
				);
				MACOSX_DEPLOYMENT_TARGET = 12.3;
				MARKETING_VERSION = 1.0;
				PRODUCT_BUNDLE_IDENTIFIER = "Alkiad-Technology.GItVersionControl";
				PRODUCT_NAME = GItVersionControl;
				SDKROOT = macosx;
				SWIFT_EMIT_LOC_STRINGS = YES;
				SWIFT_VERSION = 5.0;
			};
			name = Debug;
		};
		69FE96B12833F7FC004C0F05 /* Release */ = {
			isa = XCBuildConfiguration;
			buildSettings = {
				ASSETCATALOG_COMPILER_APPICON_NAME = AppIcon;
				ASSETCATALOG_COMPILER_GLOBAL_ACCENT_COLOR_NAME = AccentColor;
				CODE_SIGN_ENTITLEMENTS = macOS/macOS.entitlements;
				CODE_SIGN_STYLE = Automatic;
				COMBINE_HIDPI_IMAGES = YES;
				CURRENT_PROJECT_VERSION = 1;
				DEVELOPMENT_TEAM = RA4CQW45CY;
				ENABLE_HARDENED_RUNTIME = YES;
				ENABLE_PREVIEWS = YES;
				GENERATE_INFOPLIST_FILE = YES;
				INFOPLIST_KEY_NSHumanReadableCopyright = "";
				LD_RUNPATH_SEARCH_PATHS = (
					"$(inherited)",
					"@executable_path/../Frameworks",
				);
				MACOSX_DEPLOYMENT_TARGET = 12.3;
				MARKETING_VERSION = 1.0;
				PRODUCT_BUNDLE_IDENTIFIER = "Alkiad-Technology.GItVersionControl";
				PRODUCT_NAME = GItVersionControl;
				SDKROOT = macosx;
				SWIFT_EMIT_LOC_STRINGS = YES;
				SWIFT_VERSION = 5.0;
			};
			name = Release;
		};
		69FE96B32833F7FC004C0F05 /* Debug */ = {
			isa = XCBuildConfiguration;
			buildSettings = {
				ALWAYS_EMBED_SWIFT_STANDARD_LIBRARIES = YES;
				CODE_SIGN_STYLE = Automatic;
				CURRENT_PROJECT_VERSION = 1;
				DEVELOPMENT_TEAM = RA4CQW45CY;
				GENERATE_INFOPLIST_FILE = YES;
				IPHONEOS_DEPLOYMENT_TARGET = 15.4;
				MARKETING_VERSION = 1.0;
				PRODUCT_BUNDLE_IDENTIFIER = "Alkiad-Technology.Tests-iOS";
				PRODUCT_NAME = "$(TARGET_NAME)";
				SDKROOT = iphoneos;
				SWIFT_EMIT_LOC_STRINGS = NO;
				SWIFT_VERSION = 5.0;
				TARGETED_DEVICE_FAMILY = "1,2";
				TEST_TARGET_NAME = "GItVersionControl (iOS)";
			};
			name = Debug;
		};
		69FE96B42833F7FC004C0F05 /* Release */ = {
			isa = XCBuildConfiguration;
			buildSettings = {
				ALWAYS_EMBED_SWIFT_STANDARD_LIBRARIES = YES;
				CODE_SIGN_STYLE = Automatic;
				CURRENT_PROJECT_VERSION = 1;
				DEVELOPMENT_TEAM = RA4CQW45CY;
				GENERATE_INFOPLIST_FILE = YES;
				IPHONEOS_DEPLOYMENT_TARGET = 15.4;
				MARKETING_VERSION = 1.0;
				PRODUCT_BUNDLE_IDENTIFIER = "Alkiad-Technology.Tests-iOS";
				PRODUCT_NAME = "$(TARGET_NAME)";
				SDKROOT = iphoneos;
				SWIFT_EMIT_LOC_STRINGS = NO;
				SWIFT_VERSION = 5.0;
				TARGETED_DEVICE_FAMILY = "1,2";
				TEST_TARGET_NAME = "GItVersionControl (iOS)";
				VALIDATE_PRODUCT = YES;
			};
			name = Release;
		};
		69FE96B62833F7FC004C0F05 /* Debug */ = {
			isa = XCBuildConfiguration;
			buildSettings = {
				ALWAYS_EMBED_SWIFT_STANDARD_LIBRARIES = YES;
				CODE_SIGN_STYLE = Automatic;
				CURRENT_PROJECT_VERSION = 1;
				DEVELOPMENT_TEAM = RA4CQW45CY;
				GENERATE_INFOPLIST_FILE = YES;
				MACOSX_DEPLOYMENT_TARGET = 12.3;
				MARKETING_VERSION = 1.0;
				PRODUCT_BUNDLE_IDENTIFIER = "Alkiad-Technology.Tests-macOS";
				PRODUCT_NAME = "$(TARGET_NAME)";
				SDKROOT = macosx;
				SWIFT_EMIT_LOC_STRINGS = NO;
				SWIFT_VERSION = 5.0;
				TEST_TARGET_NAME = "GItVersionControl (macOS)";
			};
			name = Debug;
		};
		69FE96B72833F7FC004C0F05 /* Release */ = {
			isa = XCBuildConfiguration;
			buildSettings = {
				ALWAYS_EMBED_SWIFT_STANDARD_LIBRARIES = YES;
				CODE_SIGN_STYLE = Automatic;
				CURRENT_PROJECT_VERSION = 1;
				DEVELOPMENT_TEAM = RA4CQW45CY;
				GENERATE_INFOPLIST_FILE = YES;
				MACOSX_DEPLOYMENT_TARGET = 12.3;
				MARKETING_VERSION = 1.0;
				PRODUCT_BUNDLE_IDENTIFIER = "Alkiad-Technology.Tests-macOS";
				PRODUCT_NAME = "$(TARGET_NAME)";
				SDKROOT = macosx;
				SWIFT_EMIT_LOC_STRINGS = NO;
				SWIFT_VERSION = 5.0;
				TEST_TARGET_NAME = "GItVersionControl (macOS)";
			};
			name = Release;
		};
/* End XCBuildConfiguration section */

/* Begin XCConfigurationList section */
		69FE967A2833F7FB004C0F05 /* Build configuration list for PBXProject "GItVersionControl" */ = {
			isa = XCConfigurationList;
			buildConfigurations = (
				69FE96AA2833F7FC004C0F05 /* Debug */,
				69FE96AB2833F7FC004C0F05 /* Release */,
			);
			defaultConfigurationIsVisible = 0;
			defaultConfigurationName = Release;
		};
		69FE96AC2833F7FC004C0F05 /* Build configuration list for PBXNativeTarget "GItVersionControl (iOS)" */ = {
			isa = XCConfigurationList;
			buildConfigurations = (
				69FE96AD2833F7FC004C0F05 /* Debug */,
				69FE96AE2833F7FC004C0F05 /* Release */,
			);
			defaultConfigurationIsVisible = 0;
			defaultConfigurationName = Release;
		};
		69FE96AF2833F7FC004C0F05 /* Build configuration list for PBXNativeTarget "GItVersionControl (macOS)" */ = {
			isa = XCConfigurationList;
			buildConfigurations = (
				69FE96B02833F7FC004C0F05 /* Debug */,
				69FE96B12833F7FC004C0F05 /* Release */,
			);
			defaultConfigurationIsVisible = 0;
			defaultConfigurationName = Release;
		};
		69FE96B22833F7FC004C0F05 /* Build configuration list for PBXNativeTarget "Tests iOS" */ = {
			isa = XCConfigurationList;
			buildConfigurations = (
				69FE96B32833F7FC004C0F05 /* Debug */,
				69FE96B42833F7FC004C0F05 /* Release */,
			);
			defaultConfigurationIsVisible = 0;
			defaultConfigurationName = Release;
		};
		69FE96B52833F7FC004C0F05 /* Build configuration list for PBXNativeTarget "Tests macOS" */ = {
			isa = XCConfigurationList;
			buildConfigurations = (
				69FE96B62833F7FC004C0F05 /* Debug */,
				69FE96B72833F7FC004C0F05 /* Release */,
			);
			defaultConfigurationIsVisible = 0;
			defaultConfigurationName = Release;
		};
/* End XCConfigurationList section */
	};
	rootObject = 69FE96772833F7FB004C0F05 /* Project object */;
}
